
Microsoft Visual Studio Solution File, Format Version 12.00
# Visual Studio Version 16
VisualStudioVersion = 16.0.30907.101
MinimumVisualStudioVersion = 10.0.40219.1
Project("{FAE04EC0-301F-11D3-BF4B-00C04F79EFBC}") = "JSONServerAndRESTSharp", "JSONServerAndRESTSharp\JSONServerAndRESTSharp.csproj", "{5B1E09A8-0119-43D7-BDA4-2CE0477FAA3A}"
EndProject
Project("{FAE04EC0-301F-11D3-BF4B-00C04F79EFBC}") = "RESTSharpNUnitTesting", "RESTSharpNUnitTesting\RESTSharpNUnitTesting.csproj", "{DD14A780-04A0-4910-AFDF-9D4FEF4CA757}"
EndProject
Global
	GlobalSection(SolutionConfigurationPlatforms) = preSolution
		Debug|Any CPU = Debug|Any CPU
		Release|Any CPU = Release|Any CPU
	EndGlobalSection
	GlobalSection(ProjectConfigurationPlatforms) = postSolution
		{5B1E09A8-0119-43D7-BDA4-2CE0477FAA3A}.Debug|Any CPU.ActiveCfg = Debug|Any CPU
		{5B1E09A8-0119-43D7-BDA4-2CE0477FAA3A}.Debug|Any CPU.Build.0 = Debug|Any CPU
		{5B1E09A8-0119-43D7-BDA4-2CE0477FAA3A}.Release|Any CPU.ActiveCfg = Release|Any CPU
		{5B1E09A8-0119-43D7-BDA4-2CE0477FAA3A}.Release|Any CPU.Build.0 = Release|Any CPU
		{DD14A780-04A0-4910-AFDF-9D4FEF4CA757}.Debug|Any CPU.ActiveCfg = Debug|Any CPU
		{DD14A780-04A0-4910-AFDF-9D4FEF4CA757}.Debug|Any CPU.Build.0 = Debug|Any CPU
		{DD14A780-04A0-4910-AFDF-9D4FEF4CA757}.Release|Any CPU.ActiveCfg = Release|Any CPU
		{DD14A780-04A0-4910-AFDF-9D4FEF4CA757}.Release|Any CPU.Build.0 = Release|Any CPU
	EndGlobalSection
	GlobalSection(SolutionProperties) = preSolution
		HideSolutionNode = FALSE
	EndGlobalSection
	GlobalSection(ExtensibilityGlobals) = postSolution
		SolutionGuid = {4E164415-179C-455B-9D8A-9B2FDF28D828}
	EndGlobalSection
EndGlobal
